
Microsoft Visual Studio Solution File, Format Version 12.00
# Visual Studio 15
Project("{FAE04EC0-301F-11D3-BF4B-00C04F79EFBC}") = "BoatHouse.Android", "BoatHouse.Android\BoatHouse.Android.csproj", "{38DCEA4D-F796-43F2-80A9-D6EDD5EA55D3}"
EndProject
Project("{FAE04EC0-301F-11D3-BF4B-00C04F79EFBC}") = "BoatHouse.iOS", "BoatHouse.iOS\BoatHouse.iOS.csproj", "{517BAE84-B3DC-4801-A52D-78B95553FBB6}"
EndProject
Project("{FAE04EC0-301F-11D3-BF4B-00C04F79EFBC}") = "BoatHouse.UITests", "BoatHouse.UITests\BoatHouse.UITests.csproj", "{BC258BB1-CC17-4AB3-865B-948AFCEE016A}"
EndProject
Project("{FAE04EC0-301F-11D3-BF4B-00C04F79EFBC}") = "BoatHouse", "BoatHouse\BoatHouse.csproj", "{68F9DFF8-CF13-47D1-ADBF-829B740B4836}"
EndProject
Global
	GlobalSection(SolutionConfigurationPlatforms) = preSolution
		Debug|Any CPU = Debug|Any CPU
		Release|Any CPU = Release|Any CPU
		Debug|iPhoneSimulator = Debug|iPhoneSimulator
		Release|iPhoneSimulator = Release|iPhoneSimulator
		Debug|iPhone = Debug|iPhone
		Release|iPhone = Release|iPhone
	EndGlobalSection
	GlobalSection(ProjectConfigurationPlatforms) = postSolution
		{38DCEA4D-F796-43F2-80A9-D6EDD5EA55D3}.Debug|Any CPU.ActiveCfg = Debug|Any CPU
		{38DCEA4D-F796-43F2-80A9-D6EDD5EA55D3}.Debug|Any CPU.Build.0 = Debug|Any CPU
		{38DCEA4D-F796-43F2-80A9-D6EDD5EA55D3}.Release|Any CPU.ActiveCfg = Release|Any CPU
		{38DCEA4D-F796-43F2-80A9-D6EDD5EA55D3}.Release|Any CPU.Build.0 = Release|Any CPU
		{38DCEA4D-F796-43F2-80A9-D6EDD5EA55D3}.Debug|iPhoneSimulator.ActiveCfg = Debug|Any CPU
		{38DCEA4D-F796-43F2-80A9-D6EDD5EA55D3}.Debug|iPhoneSimulator.Build.0 = Debug|Any CPU
		{38DCEA4D-F796-43F2-80A9-D6EDD5EA55D3}.Release|iPhoneSimulator.ActiveCfg = Release|Any CPU
		{38DCEA4D-F796-43F2-80A9-D6EDD5EA55D3}.Release|iPhoneSimulator.Build.0 = Release|Any CPU
		{38DCEA4D-F796-43F2-80A9-D6EDD5EA55D3}.Debug|iPhone.ActiveCfg = Debug|Any CPU
		{38DCEA4D-F796-43F2-80A9-D6EDD5EA55D3}.Debug|iPhone.Build.0 = Debug|Any CPU
		{38DCEA4D-F796-43F2-80A9-D6EDD5EA55D3}.Release|iPhone.ActiveCfg = Release|Any CPU
		{38DCEA4D-F796-43F2-80A9-D6EDD5EA55D3}.Release|iPhone.Build.0 = Release|Any CPU
		{517BAE84-B3DC-4801-A52D-78B95553FBB6}.Debug|Any CPU.ActiveCfg = Debug|iPhoneSimulator
		{517BAE84-B3DC-4801-A52D-78B95553FBB6}.Debug|Any CPU.Build.0 = Debug|iPhoneSimulator
		{517BAE84-B3DC-4801-A52D-78B95553FBB6}.Release|Any CPU.ActiveCfg = Release|iPhoneSimulator
		{517BAE84-B3DC-4801-A52D-78B95553FBB6}.Release|Any CPU.Build.0 = Release|iPhoneSimulator
		{517BAE84-B3DC-4801-A52D-78B95553FBB6}.Debug|iPhoneSimulator.ActiveCfg = Debug|iPhoneSimulator
		{517BAE84-B3DC-4801-A52D-78B95553FBB6}.Debug|iPhoneSimulator.Build.0 = Debug|iPhoneSimulator
		{517BAE84-B3DC-4801-A52D-78B95553FBB6}.Release|iPhoneSimulator.ActiveCfg = Release|iPhoneSimulator
		{517BAE84-B3DC-4801-A52D-78B95553FBB6}.Release|iPhoneSimulator.Build.0 = Release|iPhoneSimulator
		{517BAE84-B3DC-4801-A52D-78B95553FBB6}.Debug|iPhone.ActiveCfg = Debug|iPhone
		{517BAE84-B3DC-4801-A52D-78B95553FBB6}.Debug|iPhone.Build.0 = Debug|iPhone
		{517BAE84-B3DC-4801-A52D-78B95553FBB6}.Release|iPhone.ActiveCfg = Release|iPhone
		{517BAE84-B3DC-4801-A52D-78B95553FBB6}.Release|iPhone.Build.0 = Release|iPhone
		{BC258BB1-CC17-4AB3-865B-948AFCEE016A}.Debug|Any CPU.ActiveCfg = Debug|Any CPU
		{BC258BB1-CC17-4AB3-865B-948AFCEE016A}.Debug|Any CPU.Build.0 = Debug|Any CPU
		{BC258BB1-CC17-4AB3-865B-948AFCEE016A}.Release|Any CPU.ActiveCfg = Release|Any CPU
		{BC258BB1-CC17-4AB3-865B-948AFCEE016A}.Release|Any CPU.Build.0 = Release|Any CPU
		{BC258BB1-CC17-4AB3-865B-948AFCEE016A}.Debug|iPhoneSimulator.ActiveCfg = Debug|Any CPU
		{BC258BB1-CC17-4AB3-865B-948AFCEE016A}.Debug|iPhoneSimulator.Build.0 = Debug|Any CPU
		{BC258BB1-CC17-4AB3-865B-948AFCEE016A}.Release|iPhoneSimulator.ActiveCfg = Release|Any CPU
		{BC258BB1-CC17-4AB3-865B-948AFCEE016A}.Release|iPhoneSimulator.Build.0 = Release|Any CPU
		{BC258BB1-CC17-4AB3-865B-948AFCEE016A}.Debug|iPhone.ActiveCfg = Debug|Any CPU
		{BC258BB1-CC17-4AB3-865B-948AFCEE016A}.Debug|iPhone.Build.0 = Debug|Any CPU
		{BC258BB1-CC17-4AB3-865B-948AFCEE016A}.Release|iPhone.ActiveCfg = Release|Any CPU
		{BC258BB1-CC17-4AB3-865B-948AFCEE016A}.Release|iPhone.Build.0 = Release|Any CPU
		{68F9DFF8-CF13-47D1-ADBF-829B740B4836}.Debug|Any CPU.ActiveCfg = Debug|Any CPU
		{68F9DFF8-CF13-47D1-ADBF-829B740B4836}.Debug|Any CPU.Build.0 = Debug|Any CPU
		{68F9DFF8-CF13-47D1-ADBF-829B740B4836}.Release|Any CPU.ActiveCfg = Release|Any CPU
		{68F9DFF8-CF13-47D1-ADBF-829B740B4836}.Release|Any CPU.Build.0 = Release|Any CPU
		{68F9DFF8-CF13-47D1-ADBF-829B740B4836}.Debug|iPhoneSimulator.ActiveCfg = Debug|Any CPU
		{68F9DFF8-CF13-47D1-ADBF-829B740B4836}.Debug|iPhoneSimulator.Build.0 = Debug|Any CPU
		{68F9DFF8-CF13-47D1-ADBF-829B740B4836}.Release|iPhoneSimulator.ActiveCfg = Release|Any CPU
		{68F9DFF8-CF13-47D1-ADBF-829B740B4836}.Release|iPhoneSimulator.Build.0 = Release|Any CPU
		{68F9DFF8-CF13-47D1-ADBF-829B740B4836}.Debug|iPhone.ActiveCfg = Debug|Any CPU
		{68F9DFF8-CF13-47D1-ADBF-829B740B4836}.Debug|iPhone.Build.0 = Debug|Any CPU
		{68F9DFF8-CF13-47D1-ADBF-829B740B4836}.Release|iPhone.ActiveCfg = Release|Any CPU
		{68F9DFF8-CF13-47D1-ADBF-829B740B4836}.Release|iPhone.Build.0 = Release|Any CPU
	EndGlobalSection
EndGlobal
